
Microsoft Visual Studio Solution File, Format Version 12.00
# Visual Studio 2013
VisualStudioVersion = 12.0.21005.1
MinimumVisualStudioVersion = 10.0.40219.1
Project("{FAE04EC0-301F-11D3-BF4B-00C04F79EFBC}") = "elFinder.Connector", "elFinder.Connector\elFinder.Connector.csproj", "{53FE1298-2B81-4BAE-9255-1C9B7589C644}"
EndProject
Project("{FAE04EC0-301F-11D3-BF4B-00C04F79EFBC}") = "elFinder.MVCTest", "elFinder.MVCTest\elFinder.MVCTest.csproj", "{CC94455E-BC20-4920-8408-364245E4A69F}"
EndProject
Project("{FAE04EC0-301F-11D3-BF4B-00C04F79EFBC}") = "elFinder.WebTest", "elFinder.WebTest\elFinder.WebTest.csproj", "{A24298E6-0693-458A-A913-E922CD83E9C2}"
EndProject
Project("{FAE04EC0-301F-11D3-BF4B-00C04F79EFBC}") = "elFinder.Connector.Integration.Autofac", "elFinder.Connector.Integration.Autofac\elFinder.Connector.Integration.Autofac.csproj", "{5B277E31-2231-409B-819E-A46534B9CE99}"
EndProject
Project("{2150E333-8FDC-42A3-9474-1A3956D46DE8}") = ".nuget", ".nuget", "{351C0A7A-049C-4EF7-ADB4-A05FDE456596}"
	ProjectSection(SolutionItems) = preProject
		.nuget\NuGet.Config = .nuget\NuGet.Config
		.nuget\NuGet.exe = .nuget\NuGet.exe
		.nuget\NuGet.targets = .nuget\NuGet.targets
	EndProjectSection
EndProject
Project("{FAE04EC0-301F-11D3-BF4B-00C04F79EFBC}") = "Dev.elFinder.Connector.MsSql", "elFinder.Connector.MsSql\Dev.elFinder.Connector.MsSql.csproj", "{BB469180-C6B3-4085-967E-42CACCF5B7A9}"
EndProject
Project("{FAE04EC0-301F-11D3-BF4B-00C04F79EFBC}") = "elFinder.MVCTest2", "elFinder.MVCTest2\elFinder.MVCTest2.csproj", "{7BA049F2-E85B-4AD5-9701-4F9AADA04C59}"
EndProject
Project("{FAE04EC0-301F-11D3-BF4B-00C04F79EFBC}") = "LookJs", "LookJs\LookJs.csproj", "{0550B113-899B-4B1B-924D-C5262FC5DA6F}"
EndProject
Global
	GlobalSection(TeamFoundationVersionControl) = preSolution
		SccNumberOfProjects = 8
		SccEnterpriseProvider = {4CA58AB2-18FA-4F8D-95D4-32DDF27D184C}
		SccTeamFoundationServer = https://zbw911.visualstudio.com/defaultcollection
		SccLocalPath0 = .
		SccProjectUniqueName1 = elFinder.Connector.Integration.Autofac\\elFinder.Connector.Integration.Autofac.csproj
		SccProjectName1 = elFinder.Connector.Integration.Autofac
		SccLocalPath1 = elFinder.Connector.Integration.Autofac
		SccProjectUniqueName2 = elFinder.Connector\\elFinder.Connector.csproj
		SccProjectName2 = elFinder.Connector
		SccLocalPath2 = elFinder.Connector
		SccProjectUniqueName3 = elFinder.MVCTest2\\elFinder.MVCTest2.csproj
		SccProjectName3 = elFinder.MVCTest2
		SccLocalPath3 = elFinder.MVCTest2
		SccProjectUniqueName4 = elFinder.MVCTest\\elFinder.MVCTest.csproj
		SccProjectName4 = elFinder.MVCTest
		SccLocalPath4 = elFinder.MVCTest
		SccProjectUniqueName5 = elFinder.WebTest\\elFinder.WebTest.csproj
		SccProjectName5 = elFinder.WebTest
		SccLocalPath5 = elFinder.WebTest
		SccProjectUniqueName6 = LookJs\\LookJs.csproj
		SccProjectName6 = LookJs
		SccLocalPath6 = LookJs
		SccProjectUniqueName7 = elFinder.Connector.MsSql\\Dev.elFinder.Connector.MsSql.csproj
		SccProjectName7 = elFinder.Connector.MsSql
		SccLocalPath7 = elFinder.Connector.MsSql
	EndGlobalSection
	GlobalSection(SolutionConfigurationPlatforms) = preSolution
		Debug|Any CPU = Debug|Any CPU
		Release|Any CPU = Release|Any CPU
	EndGlobalSection
	GlobalSection(ProjectConfigurationPlatforms) = postSolution
		{53FE1298-2B81-4BAE-9255-1C9B7589C644}.Debug|Any CPU.ActiveCfg = Debug|Any CPU
		{53FE1298-2B81-4BAE-9255-1C9B7589C644}.Debug|Any CPU.Build.0 = Debug|Any CPU
		{53FE1298-2B81-4BAE-9255-1C9B7589C644}.Release|Any CPU.ActiveCfg = Release|Any CPU
		{53FE1298-2B81-4BAE-9255-1C9B7589C644}.Release|Any CPU.Build.0 = Release|Any CPU
		{CC94455E-BC20-4920-8408-364245E4A69F}.Debug|Any CPU.ActiveCfg = Debug|Any CPU
		{CC94455E-BC20-4920-8408-364245E4A69F}.Debug|Any CPU.Build.0 = Debug|Any CPU
		{CC94455E-BC20-4920-8408-364245E4A69F}.Release|Any CPU.ActiveCfg = Release|Any CPU
		{CC94455E-BC20-4920-8408-364245E4A69F}.Release|Any CPU.Build.0 = Release|Any CPU
		{A24298E6-0693-458A-A913-E922CD83E9C2}.Debug|Any CPU.ActiveCfg = Debug|Any CPU
		{A24298E6-0693-458A-A913-E922CD83E9C2}.Debug|Any CPU.Build.0 = Debug|Any CPU
		{A24298E6-0693-458A-A913-E922CD83E9C2}.Release|Any CPU.ActiveCfg = Release|Any CPU
		{A24298E6-0693-458A-A913-E922CD83E9C2}.Release|Any CPU.Build.0 = Release|Any CPU
		{5B277E31-2231-409B-819E-A46534B9CE99}.Debug|Any CPU.ActiveCfg = Debug|Any CPU
		{5B277E31-2231-409B-819E-A46534B9CE99}.Debug|Any CPU.Build.0 = Debug|Any CPU
		{5B277E31-2231-409B-819E-A46534B9CE99}.Release|Any CPU.ActiveCfg = Release|Any CPU
		{5B277E31-2231-409B-819E-A46534B9CE99}.Release|Any CPU.Build.0 = Release|Any CPU
		{BB469180-C6B3-4085-967E-42CACCF5B7A9}.Debug|Any CPU.ActiveCfg = Debug|Any CPU
		{BB469180-C6B3-4085-967E-42CACCF5B7A9}.Debug|Any CPU.Build.0 = Debug|Any CPU
		{BB469180-C6B3-4085-967E-42CACCF5B7A9}.Release|Any CPU.ActiveCfg = Release|Any CPU
		{BB469180-C6B3-4085-967E-42CACCF5B7A9}.Release|Any CPU.Build.0 = Release|Any CPU
		{7BA049F2-E85B-4AD5-9701-4F9AADA04C59}.Debug|Any CPU.ActiveCfg = Debug|Any CPU
		{7BA049F2-E85B-4AD5-9701-4F9AADA04C59}.Debug|Any CPU.Build.0 = Debug|Any CPU
		{7BA049F2-E85B-4AD5-9701-4F9AADA04C59}.Release|Any CPU.ActiveCfg = Release|Any CPU
		{7BA049F2-E85B-4AD5-9701-4F9AADA04C59}.Release|Any CPU.Build.0 = Release|Any CPU
		{0550B113-899B-4B1B-924D-C5262FC5DA6F}.Debug|Any CPU.ActiveCfg = Debug|Any CPU
		{0550B113-899B-4B1B-924D-C5262FC5DA6F}.Debug|Any CPU.Build.0 = Debug|Any CPU
		{0550B113-899B-4B1B-924D-C5262FC5DA6F}.Release|Any CPU.ActiveCfg = Release|Any CPU
		{0550B113-899B-4B1B-924D-C5262FC5DA6F}.Release|Any CPU.Build.0 = Release|Any CPU
	EndGlobalSection
	GlobalSection(SolutionProperties) = preSolution
		HideSolutionNode = FALSE
	EndGlobalSection
EndGlobal
